
Microsoft Visual Studio Solution File, Format Version 12.00
# Visual Studio Version 17
VisualStudioVersion = 17.7.34031.279
MinimumVisualStudioVersion = 10.0.40219.1
Project("{FAE04EC0-301F-11D3-BF4B-00C04F79EFBC}") = "GestionTareasBS", "GestionTareasBS\GestionTareasBS.csproj", "{D02472E7-DDAC-413D-B82F-6B4A07C09CCF}"
EndProject
Global
	GlobalSection(SolutionConfigurationPlatforms) = preSolution
		Debug|Any CPU = Debug|Any CPU
		Release|Any CPU = Release|Any CPU
	EndGlobalSection
	GlobalSection(ProjectConfigurationPlatforms) = postSolution
		{D02472E7-DDAC-413D-B82F-6B4A07C09CCF}.Debug|Any CPU.ActiveCfg = Debug|Any CPU
		{D02472E7-DDAC-413D-B82F-6B4A07C09CCF}.Debug|Any CPU.Build.0 = Debug|Any CPU
		{D02472E7-DDAC-413D-B82F-6B4A07C09CCF}.Release|Any CPU.ActiveCfg = Release|Any CPU
		{D02472E7-DDAC-413D-B82F-6B4A07C09CCF}.Release|Any CPU.Build.0 = Release|Any CPU
	EndGlobalSection
	GlobalSection(SolutionProperties) = preSolution
		HideSolutionNode = FALSE
	EndGlobalSection
	GlobalSection(ExtensibilityGlobals) = postSolution
		SolutionGuid = {726348D9-E48A-4C4F-829F-D85BAECF3C8C}
	EndGlobalSection
EndGlobal
